--- 
dependencies: 
  haml: 
    group: 
    - :default
    version: = 3.0.4
    require: 
    - haml
  thin: 
    group: 
    - :default
    version: ">= 0"
  sinatra: 
    group: 
    - :default
    version: ">= 0"
    require: 
    - sinatra/base
  smoke: 
    group: 
    - :default
    version: ">= 0"
    require: 
    - smoke
  less: 
    group: 
    - :default
    version: ">= 0"
    require: 
    - less
  rdiscount: 
    group: 
    - :default
    version: ">= 0"
    require: 
    - rdiscount
  tilt: 
    group: 
    - :default
    version: = 0.5
    require: 
    - tilt
specs: 
- crack: 
    version: 0.1.7
- daemons: 
    version: 1.0.10
- eventmachine: 
    version: 0.12.10
- fastercsv: 
    version: 1.5.3
- haml: 
    version: 3.0.4
- json: 
    version: 1.4.3
- mutter: 
    version: 0.5.3
- polyglot: 
    version: 0.3.1
- treetop: 
    version: 1.4.5
- less: 
    version: 1.2.21
- moneta: 
    version: 0.6.0
- nokogiri: 
    version: 1.3.2
- rack: 
    version: 1.1.0
- rdiscount: 
    version: 1.6.3.2
- registry: 
    version: 0.1.2
- rest-client: 
    version: 1.0.3
- simple-rss: 
    version: "1.2"
- sinatra: 
    version: "1.0"
- smoke: 
    version: 0.5.20
- thin: 
    version: 1.2.7
- tilt: 
    version: "0.5"
hash: 0fe949e768d437b1fb72291d9b9be3ce5809eac9
sources: 
- Rubygems: 
    uri: http://gemcutter.org
